// !$*UTF8*$!
{
	archiveVersion = 1;
	classes = {
	};
	objectVersion = 55;
	objects = {

/* Begin PBXBuildFile section */
		152DA911285E424700E507C2 /* MovieListScreen.swift in Sources */ = {isa = PBXBuildFile; fileRef = 152DA910285E424700E507C2 /* MovieListScreen.swift */; };
		152DA913285E43BB00E507C2 /* MovieListView.swift in Sources */ = {isa = PBXBuildFile; fileRef = 152DA912285E43BB00E507C2 /* MovieListView.swift */; };
		152DA915285E45F100E507C2 /* View+Extensions.swift in Sources */ = {isa = PBXBuildFile; fileRef = 152DA914285E45F000E507C2 /* View+Extensions.swift */; };
		152DA917285E4B8F00E507C2 /* String+Extensions.swift in Sources */ = {isa = PBXBuildFile; fileRef = 152DA916285E4B8F00E507C2 /* String+Extensions.swift */; };
		152DA919285E4C8E00E507C2 /* FailedView.swift in Sources */ = {isa = PBXBuildFile; fileRef = 152DA918285E4C8E00E507C2 /* FailedView.swift */; };
		152DA91B285E4D8B00E507C2 /* ViewModelBase.swift in Sources */ = {isa = PBXBuildFile; fileRef = 152DA91A285E4D8B00E507C2 /* ViewModelBase.swift */; };
		152DA91D285E501200E507C2 /* LoadingView.swift in Sources */ = {isa = PBXBuildFile; fileRef = 152DA91C285E501200E507C2 /* LoadingView.swift */; };
		152DA91F285E558500E507C2 /* MovieDetail.swift in Sources */ = {isa = PBXBuildFile; fileRef = 152DA91E285E558500E507C2 /* MovieDetail.swift */; };
		152DA921285E5ACB00E507C2 /* MovieDetailViewModel.swift in Sources */ = {isa = PBXBuildFile; fileRef = 152DA920285E5ACB00E507C2 /* MovieDetailViewModel.swift */; };
		152DA923285E5D9900E507C2 /* MovieDetailScreen.swift in Sources */ = {isa = PBXBuildFile; fileRef = 152DA922285E5D9900E507C2 /* MovieDetailScreen.swift */; };
		152DA925285E6DAE00E507C2 /* MovieDetailView.swift in Sources */ = {isa = PBXBuildFile; fileRef = 152DA924285E6DAE00E507C2 /* MovieDetailView.swift */; };
		1535F9DF27DE85EB00A67E14 /* HTTPClient.swift in Sources */ = {isa = PBXBuildFile; fileRef = 1535F9DE27DE85EB00A67E14 /* HTTPClient.swift */; };
		1535F9E227DEDD2900A67E14 /* URL+Extensions.swift in Sources */ = {isa = PBXBuildFile; fileRef = 1535F9E127DEDD2900A67E14 /* URL+Extensions.swift */; };
		1535F9E427DEEB0900A67E14 /* MovieListViewModel.swift in Sources */ = {isa = PBXBuildFile; fileRef = 1535F9E327DEEB0900A67E14 /* MovieListViewModel.swift */; };
		1547F9B727CFA8310013ADF4 /* MoviesAppApp.swift in Sources */ = {isa = PBXBuildFile; fileRef = 1547F9B627CFA8310013ADF4 /* MoviesAppApp.swift */; };
		1547F9BB27CFA8330013ADF4 /* Assets.xcassets in Resources */ = {isa = PBXBuildFile; fileRef = 1547F9BA27CFA8330013ADF4 /* Assets.xcassets */; };
		1547F9BE27CFA8330013ADF4 /* Preview Assets.xcassets in Resources */ = {isa = PBXBuildFile; fileRef = 1547F9BD27CFA8330013ADF4 /* Preview Assets.xcassets */; };
		1547F9C627CFA8480013ADF4 /* Constants.swift in Sources */ = {isa = PBXBuildFile; fileRef = 1547F9C527CFA8480013ADF4 /* Constants.swift */; };
		1547F9D127CFA8D40013ADF4 /* ImageLoader.swift in Sources */ = {isa = PBXBuildFile; fileRef = 1547F9D027CFA8D40013ADF4 /* ImageLoader.swift */; };
		1547F9D327CFBD800013ADF4 /* URLImage.swift in Sources */ = {isa = PBXBuildFile; fileRef = 1547F9D227CFBD800013ADF4 /* URLImage.swift */; };
		1547F9D527CFBEE90013ADF4 /* Rating.swift in Sources */ = {isa = PBXBuildFile; fileRef = 1547F9D427CFBEE90013ADF4 /* Rating.swift */; };
		1547F9D727CFD4060013ADF4 /* Movie.swift in Sources */ = {isa = PBXBuildFile; fileRef = 1547F9D627CFD4060013ADF4 /* Movie.swift */; };
/* End PBXBuildFile section */

/* Begin PBXFileReference section */
		152DA910285E424700E507C2 /* MovieListScreen.swift */ = {isa = PBXFileReference; lastKnownFileType = sourcecode.swift; path = MovieListScreen.swift; sourceTree = "<group>"; };
		152DA912285E43BB00E507C2 /* MovieListView.swift */ = {isa = PBXFileReference; lastKnownFileType = sourcecode.swift; path = MovieListView.swift; sourceTree = "<group>"; };
		152DA914285E45F000E507C2 /* View+Extensions.swift */ = {isa = PBXFileReference; lastKnownFileType = sourcecode.swift; path = "View+Extensions.swift"; sourceTree = "<group>"; };
		152DA916285E4B8F00E507C2 /* String+Extensions.swift */ = {isa = PBXFileReference; lastKnownFileType = sourcecode.swift; path = "String+Extensions.swift"; sourceTree = "<group>"; };
		152DA918285E4C8E00E507C2 /* FailedView.swift */ = {isa = PBXFileReference; lastKnownFileType = sourcecode.swift; path = FailedView.swift; sourceTree = "<group>"; };
		152DA91A285E4D8B00E507C2 /* ViewModelBase.swift */ = {isa = PBXFileReference; lastKnownFileType = sourcecode.swift; path = ViewModelBase.swift; sourceTree = "<group>"; };
		152DA91C285E501200E507C2 /* LoadingView.swift */ = {isa = PBXFileReference; lastKnownFileType = sourcecode.swift; path = LoadingView.swift; sourceTree = "<group>"; };
		152DA91E285E558500E507C2 /* MovieDetail.swift */ = {isa = PBXFileReference; lastKnownFileType = sourcecode.swift; path = MovieDetail.swift; sourceTree = "<group>"; };
		152DA920285E5ACB00E507C2 /* MovieDetailViewModel.swift */ = {isa = PBXFileReference; lastKnownFileType = sourcecode.swift; path = MovieDetailViewModel.swift; sourceTree = "<group>"; };
		152DA922285E5D9900E507C2 /* MovieDetailScreen.swift */ = {isa = PBXFileReference; lastKnownFileType = sourcecode.swift; path = MovieDetailScreen.swift; sourceTree = "<group>"; };
		152DA924285E6DAE00E507C2 /* MovieDetailView.swift */ = {isa = PBXFileReference; lastKnownFileType = sourcecode.swift; path = MovieDetailView.swift; sourceTree = "<group>"; };
		1535F9DE27DE85EB00A67E14 /* HTTPClient.swift */ = {isa = PBXFileReference; lastKnownFileType = sourcecode.swift; path = HTTPClient.swift; sourceTree = "<group>"; };
		1535F9E027DEBC5400A67E14 /* Info.plist */ = {isa = PBXFileReference; lastKnownFileType = text.plist; path = Info.plist; sourceTree = "<group>"; };
		1535F9E127DEDD2900A67E14 /* URL+Extensions.swift */ = {isa = PBXFileReference; lastKnownFileType = sourcecode.swift; path = "URL+Extensions.swift"; sourceTree = "<group>"; };
		1535F9E327DEEB0900A67E14 /* MovieListViewModel.swift */ = {isa = PBXFileReference; lastKnownFileType = sourcecode.swift; path = MovieListViewModel.swift; sourceTree = "<group>"; };
		1547F9B327CFA8310013ADF4 /* MoviesApp.app */ = {isa = PBXFileReference; explicitFileType = wrapper.application; includeInIndex = 0; path = MoviesApp.app; sourceTree = BUILT_PRODUCTS_DIR; };
		1547F9B627CFA8310013ADF4 /* MoviesAppApp.swift */ = {isa = PBXFileReference; lastKnownFileType = sourcecode.swift; path = MoviesAppApp.swift; sourceTree = "<group>"; };
		1547F9BA27CFA8330013ADF4 /* Assets.xcassets */ = {isa = PBXFileReference; lastKnownFileType = folder.assetcatalog; path = Assets.xcassets; sourceTree = "<group>"; };
		1547F9BD27CFA8330013ADF4 /* Preview Assets.xcassets */ = {isa = PBXFileReference; lastKnownFileType = folder.assetcatalog; path = "Preview Assets.xcassets"; sourceTree = "<group>"; };
		1547F9C527CFA8480013ADF4 /* Constants.swift */ = {isa = PBXFileReference; lastKnownFileType = sourcecode.swift; path = Constants.swift; sourceTree = "<group>"; };
		1547F9D027CFA8D40013ADF4 /* ImageLoader.swift */ = {isa = PBXFileReference; lastKnownFileType = sourcecode.swift; path = ImageLoader.swift; sourceTree = "<group>"; };
		1547F9D227CFBD800013ADF4 /* URLImage.swift */ = {isa = PBXFileReference; lastKnownFileType = sourcecode.swift; path = URLImage.swift; sourceTree = "<group>"; };
		1547F9D427CFBEE90013ADF4 /* Rating.swift */ = {isa = PBXFileReference; lastKnownFileType = sourcecode.swift; path = Rating.swift; sourceTree = "<group>"; };
		1547F9D627CFD4060013ADF4 /* Movie.swift */ = {isa = PBXFileReference; lastKnownFileType = sourcecode.swift; path = Movie.swift; sourceTree = "<group>"; };
/* End PBXFileReference section */

/* Begin PBXFrameworksBuildPhase section */
		1547F9B027CFA8310013ADF4 /* Frameworks */ = {
			isa = PBXFrameworksBuildPhase;
			buildActionMask = 2147483647;
			files = (
			);
			runOnlyForDeploymentPostprocessing = 0;
		};
/* End PBXFrameworksBuildPhase section */

/* Begin PBXGroup section */
		1547F9AA27CFA8310013ADF4 = {
			isa = PBXGroup;
			children = (
				1547F9B527CFA8310013ADF4 /* MoviesApp */,
				1547F9B427CFA8310013ADF4 /* Products */,
			);
			sourceTree = "<group>";
		};
		1547F9B427CFA8310013ADF4 /* Products */ = {
			isa = PBXGroup;
			children = (
				1547F9B327CFA8310013ADF4 /* MoviesApp.app */,
			);
			name = Products;
			sourceTree = "<group>";
		};
		1547F9B527CFA8310013ADF4 /* MoviesApp */ = {
			isa = PBXGroup;
			children = (
				1535F9E027DEBC5400A67E14 /* Info.plist */,
				1547F9CF27CFA8BA0013ADF4 /* Views */,
				1547F9CE27CFA8B20013ADF4 /* Screens */,
				1547F9CC27CFA8A40013ADF4 /* Extensions */,
				1547F9CB27CFA89C0013ADF4 /* Controls */,
				1547F9CA27CFA8960013ADF4 /* Loaders */,
				1547F9C927CFA88D0013ADF4 /* Services */,
				1547F9C827CFA8840013ADF4 /* Models */,
				1547F9C727CFA87F0013ADF4 /* View Models */,
				1547F9C427CFA8370013ADF4 /* Utilities */,
				1547F9B627CFA8310013ADF4 /* MoviesAppApp.swift */,
				1547F9BA27CFA8330013ADF4 /* Assets.xcassets */,
				1547F9BC27CFA8330013ADF4 /* Preview Content */,
			);
			path = MoviesApp;
			sourceTree = "<group>";
		};
		1547F9BC27CFA8330013ADF4 /* Preview Content */ = {
			isa = PBXGroup;
			children = (
				1547F9BD27CFA8330013ADF4 /* Preview Assets.xcassets */,
			);
			path = "Preview Content";
			sourceTree = "<group>";
		};
		1547F9C427CFA8370013ADF4 /* Utilities */ = {
			isa = PBXGroup;
			children = (
				1547F9C527CFA8480013ADF4 /* Constants.swift */,
			);
			path = Utilities;
			sourceTree = "<group>";
		};
		1547F9C727CFA87F0013ADF4 /* View Models */ = {
			isa = PBXGroup;
			children = (
				1535F9E327DEEB0900A67E14 /* MovieListViewModel.swift */,
				152DA91A285E4D8B00E507C2 /* ViewModelBase.swift */,
				152DA920285E5ACB00E507C2 /* MovieDetailViewModel.swift */,
			);
			path = "View Models";
			sourceTree = "<group>";
		};
		1547F9C827CFA8840013ADF4 /* Models */ = {
			isa = PBXGroup;
			children = (
				1547F9D627CFD4060013ADF4 /* Movie.swift */,
				152DA91E285E558500E507C2 /* MovieDetail.swift */,
			);
			path = Models;
			sourceTree = "<group>";
		};
		1547F9C927CFA88D0013ADF4 /* Services */ = {
			isa = PBXGroup;
			children = (
				1535F9DE27DE85EB00A67E14 /* HTTPClient.swift */,
			);
			path = Services;
			sourceTree = "<group>";
		};
		1547F9CA27CFA8960013ADF4 /* Loaders */ = {
			isa = PBXGroup;
			children = (
				1547F9D027CFA8D40013ADF4 /* ImageLoader.swift */,
			);
			path = Loaders;
			sourceTree = "<group>";
		};
		1547F9CB27CFA89C0013ADF4 /* Controls */ = {
			isa = PBXGroup;
			children = (
				1547F9D227CFBD800013ADF4 /* URLImage.swift */,
				1547F9D427CFBEE90013ADF4 /* Rating.swift */,
			);
			path = Controls;
			sourceTree = "<group>";
		};
		1547F9CC27CFA8A40013ADF4 /* Extensions */ = {
			isa = PBXGroup;
			children = (
				1535F9E127DEDD2900A67E14 /* URL+Extensions.swift */,
				152DA914285E45F000E507C2 /* View+Extensions.swift */,
				152DA916285E4B8F00E507C2 /* String+Extensions.swift */,
			);
			path = Extensions;
			sourceTree = "<group>";
		};
		1547F9CE27CFA8B20013ADF4 /* Screens */ = {
			isa = PBXGroup;
			children = (
				152DA910285E424700E507C2 /* MovieListScreen.swift */,
				152DA922285E5D9900E507C2 /* MovieDetailScreen.swift */,
			);
			path = Screens;
			sourceTree = "<group>";
		};
		1547F9CF27CFA8BA0013ADF4 /* Views */ = {
			isa = PBXGroup;
			children = (
				152DA912285E43BB00E507C2 /* MovieListView.swift */,
				152DA918285E4C8E00E507C2 /* FailedView.swift */,
				152DA91C285E501200E507C2 /* LoadingView.swift */,
				152DA924285E6DAE00E507C2 /* MovieDetailView.swift */,
			);
			path = Views;
			sourceTree = "<group>";
		};
/* End PBXGroup section */

/* Begin PBXNativeTarget section */
		1547F9B227CFA8310013ADF4 /* MoviesApp */ = {
			isa = PBXNativeTarget;
			buildConfigurationList = 1547F9C127CFA8330013ADF4 /* Build configuration list for PBXNativeTarget "MoviesApp" */;
			buildPhases = (
				1547F9AF27CFA8310013ADF4 /* Sources */,
				1547F9B027CFA8310013ADF4 /* Frameworks */,
				1547F9B127CFA8310013ADF4 /* Resources */,
			);
			buildRules = (
			);
			dependencies = (
			);
			name = MoviesApp;
			productName = MoviesApp;
			productReference = 1547F9B327CFA8310013ADF4 /* MoviesApp.app */;
			productType = "com.apple.product-type.application";
		};
/* End PBXNativeTarget section */

/* Begin PBXProject section */
		1547F9AB27CFA8310013ADF4 /* Project object */ = {
			isa = PBXProject;
			attributes = {
				BuildIndependentTargetsInParallel = 1;
				LastSwiftUpdateCheck = 1320;
				LastUpgradeCheck = 1320;
				TargetAttributes = {
					1547F9B227CFA8310013ADF4 = {
						CreatedOnToolsVersion = 13.2.1;
					};
				};
			};
			buildConfigurationList = 1547F9AE27CFA8310013ADF4 /* Build configuration list for PBXProject "MoviesApp" */;
			compatibilityVersion = "Xcode 13.0";
			developmentRegion = en;
			hasScannedForEncodings = 0;
			knownRegions = (
				en,
				Base,
			);
			mainGroup = 1547F9AA27CFA8310013ADF4;
			productRefGroup = 1547F9B427CFA8310013ADF4 /* Products */;
			projectDirPath = "";
			projectRoot = "";
			targets = (
				1547F9B227CFA8310013ADF4 /* MoviesApp */,
			);
		};
/* End PBXProject section */

/* Begin PBXResourcesBuildPhase section */
		1547F9B127CFA8310013ADF4 /* Resources */ = {
			isa = PBXResourcesBuildPhase;
			buildActionMask = 2147483647;
			files = (
				1547F9BE27CFA8330013ADF4 /* Preview Assets.xcassets in Resources */,
				1547F9BB27CFA8330013ADF4 /* Assets.xcassets in Resources */,
			);
			runOnlyForDeploymentPostprocessing = 0;
		};
/* End PBXResourcesBuildPhase section */

/* Begin PBXSourcesBuildPhase section */
		1547F9AF27CFA8310013ADF4 /* Sources */ = {
			isa = PBXSourcesBuildPhase;
			buildActionMask = 2147483647;
			files = (
				1547F9D727CFD4060013ADF4 /* Movie.swift in Sources */,
				152DA917285E4B8F00E507C2 /* String+Extensions.swift in Sources */,
				152DA913285E43BB00E507C2 /* MovieListView.swift in Sources */,
				1547F9D527CFBEE90013ADF4 /* Rating.swift in Sources */,
				152DA923285E5D9900E507C2 /* MovieDetailScreen.swift in Sources */,
				1535F9DF27DE85EB00A67E14 /* HTTPClient.swift in Sources */,
				152DA91D285E501200E507C2 /* LoadingView.swift in Sources */,
				152DA91B285E4D8B00E507C2 /* ViewModelBase.swift in Sources */,
				1535F9E227DEDD2900A67E14 /* URL+Extensions.swift in Sources */,
				152DA921285E5ACB00E507C2 /* MovieDetailViewModel.swift in Sources */,
				152DA925285E6DAE00E507C2 /* MovieDetailView.swift in Sources */,
				1547F9B727CFA8310013ADF4 /* MoviesAppApp.swift in Sources */,
				1547F9D127CFA8D40013ADF4 /* ImageLoader.swift in Sources */,
				1547F9D327CFBD800013ADF4 /* URLImage.swift in Sources */,
				152DA911285E424700E507C2 /* MovieListScreen.swift in Sources */,
				1547F9C627CFA8480013ADF4 /* Constants.swift in Sources */,
				152DA915285E45F100E507C2 /* View+Extensions.swift in Sources */,
				152DA91F285E558500E507C2 /* MovieDetail.swift in Sources */,
				1535F9E427DEEB0900A67E14 /* MovieListViewModel.swift in Sources */,
				152DA919285E4C8E00E507C2 /* FailedView.swift in Sources */,
			);
			runOnlyForDeploymentPostprocessing = 0;
		};
/* End PBXSourcesBuildPhase section */

/* Begin XCBuildConfiguration section */
		1547F9BF27CFA8330013ADF4 /* Debug */ = {
			isa = XCBuildConfiguration;
			buildSettings = {
				ALWAYS_SEARCH_USER_PATHS = NO;
				CLANG_ANALYZER_NONNULL = YES;
				CLANG_ANALYZER_NUMBER_OBJECT_CONVERSION = YES_AGGRESSIVE;
				CLANG_CXX_LANGUAGE_STANDARD = "gnu++17";
				CLANG_CXX_LIBRARY = "libc++";
				CLANG_ENABLE_MODULES = YES;
				CLANG_ENABLE_OBJC_ARC = YES;
				CLANG_ENABLE_OBJC_WEAK = YES;
				CLANG_WARN_BLOCK_CAPTURE_AUTORELEASING = YES;
				CLANG_WARN_BOOL_CONVERSION = YES;
				CLANG_WARN_COMMA = YES;
				CLANG_WARN_CONSTANT_CONVERSION = YES;
				CLANG_WARN_DEPRECATED_OBJC_IMPLEMENTATIONS = YES;
				CLANG_WARN_DIRECT_OBJC_ISA_USAGE = YES_ERROR;
				CLANG_WARN_DOCUMENTATION_COMMENTS = YES;
				CLANG_WARN_EMPTY_BODY = YES;
				CLANG_WARN_ENUM_CONVERSION = YES;
				CLANG_WARN_INFINITE_RECURSION = YES;
				CLANG_WARN_INT_CONVERSION = YES;
				CLANG_WARN_NON_LITERAL_NULL_CONVERSION = YES;
				CLANG_WARN_OBJC_IMPLICIT_RETAIN_SELF = YES;
				CLANG_WARN_OBJC_LITERAL_CONVERSION = YES;
				CLANG_WARN_OBJC_ROOT_CLASS = YES_ERROR;
				CLANG_WARN_QUOTED_INCLUDE_IN_FRAMEWORK_HEADER = YES;
				CLANG_WARN_RANGE_LOOP_ANALYSIS = YES;
				CLANG_WARN_STRICT_PROTOTYPES = YES;
				CLANG_WARN_SUSPICIOUS_MOVE = YES;
				CLANG_WARN_UNGUARDED_AVAILABILITY = YES_AGGRESSIVE;
				CLANG_WARN_UNREACHABLE_CODE = YES;
				CLANG_WARN__DUPLICATE_METHOD_MATCH = YES;
				COPY_PHASE_STRIP = NO;
				DEBUG_INFORMATION_FORMAT = dwarf;
				ENABLE_STRICT_OBJC_MSGSEND = YES;
				ENABLE_TESTABILITY = YES;
				GCC_C_LANGUAGE_STANDARD = gnu11;
				GCC_DYNAMIC_NO_PIC = NO;
				GCC_NO_COMMON_BLOCKS = YES;
				GCC_OPTIMIZATION_LEVEL = 0;
				GCC_PREPROCESSOR_DEFINITIONS = (
					"DEBUG=1",
					"$(inherited)",
				);
				GCC_WARN_64_TO_32_BIT_CONVERSION = YES;
				GCC_WARN_ABOUT_RETURN_TYPE = YES_ERROR;
				GCC_WARN_UNDECLARED_SELECTOR = YES;
				GCC_WARN_UNINITIALIZED_AUTOS = YES_AGGRESSIVE;
				GCC_WARN_UNUSED_FUNCTION = YES;
				GCC_WARN_UNUSED_VARIABLE = YES;
				IPHONEOS_DEPLOYMENT_TARGET = 15.2;
				MTL_ENABLE_DEBUG_INFO = INCLUDE_SOURCE;
				MTL_FAST_MATH = YES;
				ONLY_ACTIVE_ARCH = YES;
				SDKROOT = iphoneos;
				SWIFT_ACTIVE_COMPILATION_CONDITIONS = DEBUG;
				SWIFT_OPTIMIZATION_LEVEL = "-Onone";
			};
			name = Debug;
		};
		1547F9C027CFA8330013ADF4 /* Release */ = {
			isa = XCBuildConfiguration;
			buildSettings = {
				ALWAYS_SEARCH_USER_PATHS = NO;
				CLANG_ANALYZER_NONNULL = YES;
				CLANG_ANALYZER_NUMBER_OBJECT_CONVERSION = YES_AGGRESSIVE;
				CLANG_CXX_LANGUAGE_STANDARD = "gnu++17";
				CLANG_CXX_LIBRARY = "libc++";
				CLANG_ENABLE_MODULES = YES;
				CLANG_ENABLE_OBJC_ARC = YES;
				CLANG_ENABLE_OBJC_WEAK = YES;
				CLANG_WARN_BLOCK_CAPTURE_AUTORELEASING = YES;
				CLANG_WARN_BOOL_CONVERSION = YES;
				CLANG_WARN_COMMA = YES;
				CLANG_WARN_CONSTANT_CONVERSION = YES;
				CLANG_WARN_DEPRECATED_OBJC_IMPLEMENTATIONS = YES;
				CLANG_WARN_DIRECT_OBJC_ISA_USAGE = YES_ERROR;
				CLANG_WARN_DOCUMENTATION_COMMENTS = YES;
				CLANG_WARN_EMPTY_BODY = YES;
				CLANG_WARN_ENUM_CONVERSION = YES;
				CLANG_WARN_INFINITE_RECURSION = YES;
				CLANG_WARN_INT_CONVERSION = YES;
				CLANG_WARN_NON_LITERAL_NULL_CONVERSION = YES;
				CLANG_WARN_OBJC_IMPLICIT_RETAIN_SELF = YES;
				CLANG_WARN_OBJC_LITERAL_CONVERSION = YES;
				CLANG_WARN_OBJC_ROOT_CLASS = YES_ERROR;
				CLANG_WARN_QUOTED_INCLUDE_IN_FRAMEWORK_HEADER = YES;
				CLANG_WARN_RANGE_LOOP_ANALYSIS = YES;
				CLANG_WARN_STRICT_PROTOTYPES = YES;
				CLANG_WARN_SUSPICIOUS_MOVE = YES;
				CLANG_WARN_UNGUARDED_AVAILABILITY = YES_AGGRESSIVE;
				CLANG_WARN_UNREACHABLE_CODE = YES;
				CLANG_WARN__DUPLICATE_METHOD_MATCH = YES;
				COPY_PHASE_STRIP = NO;
				DEBUG_INFORMATION_FORMAT = "dwarf-with-dsym";
				ENABLE_NS_ASSERTIONS = NO;
				ENABLE_STRICT_OBJC_MSGSEND = YES;
				GCC_C_LANGUAGE_STANDARD = gnu11;
				GCC_NO_COMMON_BLOCKS = YES;
				GCC_WARN_64_TO_32_BIT_CONVERSION = YES;
				GCC_WARN_ABOUT_RETURN_TYPE = YES_ERROR;
				GCC_WARN_UNDECLARED_SELECTOR = YES;
				GCC_WARN_UNINITIALIZED_AUTOS = YES_AGGRESSIVE;
				GCC_WARN_UNUSED_FUNCTION = YES;
				GCC_WARN_UNUSED_VARIABLE = YES;
				IPHONEOS_DEPLOYMENT_TARGET = 15.2;
				MTL_ENABLE_DEBUG_INFO = NO;
				MTL_FAST_MATH = YES;
				SDKROOT = iphoneos;
				SWIFT_COMPILATION_MODE = wholemodule;
				SWIFT_OPTIMIZATION_LEVEL = "-O";
				VALIDATE_PRODUCT = YES;
			};
			name = Release;
		};
		1547F9C227CFA8330013ADF4 /* Debug */ = {
			isa = XCBuildConfiguration;
			buildSettings = {
				ASSETCATALOG_COMPILER_APPICON_NAME = AppIcon;
				ASSETCATALOG_COMPILER_GLOBAL_ACCENT_COLOR_NAME = AccentColor;
				CODE_SIGN_STYLE = Automatic;
				CURRENT_PROJECT_VERSION = 1;
				DEVELOPMENT_ASSET_PATHS = "\"MoviesApp/Preview Content\"";
				DEVELOPMENT_TEAM = 3753BCYQD8;
				ENABLE_PREVIEWS = YES;
				GENERATE_INFOPLIST_FILE = YES;
				INFOPLIST_FILE = MoviesApp/Info.plist;
				INFOPLIST_KEY_UIApplicationSceneManifest_Generation = YES;
				INFOPLIST_KEY_UIApplicationSupportsIndirectInputEvents = YES;
				INFOPLIST_KEY_UILaunchScreen_Generation = YES;
				INFOPLIST_KEY_UISupportedInterfaceOrientations_iPad = "UIInterfaceOrientationPortrait UIInterfaceOrientationPortraitUpsideDown UIInterfaceOrientationLandscapeLeft UIInterfaceOrientationLandscapeRight";
				INFOPLIST_KEY_UISupportedInterfaceOrientations_iPhone = "UIInterfaceOrientationPortrait UIInterfaceOrientationLandscapeLeft UIInterfaceOrientationLandscapeRight";
				LD_RUNPATH_SEARCH_PATHS = (
					"$(inherited)",
					"@executable_path/Frameworks",
				);
				MARKETING_VERSION = 1.0;
				PRODUCT_BUNDLE_IDENTIFIER = com.felipeb.MoviesApp;
				PRODUCT_NAME = "$(TARGET_NAME)";
				SWIFT_EMIT_LOC_STRINGS = YES;
				SWIFT_VERSION = 5.0;
				TARGETED_DEVICE_FAMILY = "1,2";
			};
			name = Debug;
		};
		1547F9C327CFA8330013ADF4 /* Release */ = {
			isa = XCBuildConfiguration;
			buildSettings = {
				ASSETCATALOG_COMPILER_APPICON_NAME = AppIcon;
				ASSETCATALOG_COMPILER_GLOBAL_ACCENT_COLOR_NAME = AccentColor;
				CODE_SIGN_STYLE = Automatic;
				CURRENT_PROJECT_VERSION = 1;
				DEVELOPMENT_ASSET_PATHS = "\"MoviesApp/Preview Content\"";
				DEVELOPMENT_TEAM = 3753BCYQD8;
				ENABLE_PREVIEWS = YES;
				GENERATE_INFOPLIST_FILE = YES;
				INFOPLIST_FILE = MoviesApp/Info.plist;
				INFOPLIST_KEY_UIApplicationSceneManifest_Generation = YES;
				INFOPLIST_KEY_UIApplicationSupportsIndirectInputEvents = YES;
				INFOPLIST_KEY_UILaunchScreen_Generation = YES;
				INFOPLIST_KEY_UISupportedInterfaceOrientations_iPad = "UIInterfaceOrientationPortrait UIInterfaceOrientationPortraitUpsideDown UIInterfaceOrientationLandscapeLeft UIInterfaceOrientationLandscapeRight";
				INFOPLIST_KEY_UISupportedInterfaceOrientations_iPhone = "UIInterfaceOrientationPortrait UIInterfaceOrientationLandscapeLeft UIInterfaceOrientationLandscapeRight";
				LD_RUNPATH_SEARCH_PATHS = (
					"$(inherited)",
					"@executable_path/Frameworks",
				);
				MARKETING_VERSION = 1.0;
				PRODUCT_BUNDLE_IDENTIFIER = com.felipeb.MoviesApp;
				PRODUCT_NAME = "$(TARGET_NAME)";
				SWIFT_EMIT_LOC_STRINGS = YES;
				SWIFT_VERSION = 5.0;
				TARGETED_DEVICE_FAMILY = "1,2";
			};
			name = Release;
		};
/* End XCBuildConfiguration section */

/* Begin XCConfigurationList section */
		1547F9AE27CFA8310013ADF4 /* Build configuration list for PBXProject "MoviesApp" */ = {
			isa = XCConfigurationList;
			buildConfigurations = (
				1547F9BF27CFA8330013ADF4 /* Debug */,
				1547F9C027CFA8330013ADF4 /* Release */,
			);
			defaultConfigurationIsVisible = 0;
			defaultConfigurationName = Release;
		};
		1547F9C127CFA8330013ADF4 /* Build configuration list for PBXNativeTarget "MoviesApp" */ = {
			isa = XCConfigurationList;
			buildConfigurations = (
				1547F9C227CFA8330013ADF4 /* Debug */,
				1547F9C327CFA8330013ADF4 /* Release */,
			);
			defaultConfigurationIsVisible = 0;
			defaultConfigurationName = Release;
		};
/* End XCConfigurationList section */
	};
	rootObject = 1547F9AB27CFA8310013ADF4 /* Project object */;
}
